
Microsoft Visual Studio Solution File, Format Version 12.00
# Visual Studio 15
VisualStudioVersion = 15.0.28010.2036
MinimumVisualStudioVersion = 10.0.40219.1
Project("{FAE04EC0-301F-11D3-BF4B-00C04F79EFBC}") = "WPFCaptureScreenShot", "WPFCaptureScreenShot\WPFCaptureScreenShot.csproj", "{2CB2D48E-004D-4D6F-ACE2-6AD0EBC2E7EE}"
EndProject
Global
	GlobalSection(SolutionConfigurationPlatforms) = preSolution
		Debug|Any CPU = Debug|Any CPU
		Release|Any CPU = Release|Any CPU
	EndGlobalSection
	GlobalSection(ProjectConfigurationPlatforms) = postSolution
		{2CB2D48E-004D-4D6F-ACE2-6AD0EBC2E7EE}.Debug|Any CPU.ActiveCfg = Debug|Any CPU
		{2CB2D48E-004D-4D6F-ACE2-6AD0EBC2E7EE}.Debug|Any CPU.Build.0 = Debug|Any CPU
		{2CB2D48E-004D-4D6F-ACE2-6AD0EBC2E7EE}.Release|Any CPU.ActiveCfg = Release|Any CPU
		{2CB2D48E-004D-4D6F-ACE2-6AD0EBC2E7EE}.Release|Any CPU.Build.0 = Release|Any CPU
	EndGlobalSection
	GlobalSection(SolutionProperties) = preSolution
		HideSolutionNode = FALSE
	EndGlobalSection
	GlobalSection(ExtensibilityGlobals) = postSolution
		SolutionGuid = {3F7E24A8-DCAA-4BAD-A9BF-F9CA5A59257A}
	EndGlobalSection
EndGlobal
